
Microsoft Visual Studio Solution File, Format Version 12.00
# Visual Studio Version 16
VisualStudioVersion = 16.0.31205.134
MinimumVisualStudioVersion = 10.0.40219.1
Project("{FAE04EC0-301F-11D3-BF4B-00C04F79EFBC}") = "ImdbAPI", "ImdbAPI\ImdbAPI.csproj", "{6041F2BF-D259-4C0A-8D76-2929AA7A5817}"
EndProject
Global
	GlobalSection(SolutionConfigurationPlatforms) = preSolution
		Debug|Any CPU = Debug|Any CPU
		Release|Any CPU = Release|Any CPU
	EndGlobalSection
	GlobalSection(ProjectConfigurationPlatforms) = postSolution
		{6041F2BF-D259-4C0A-8D76-2929AA7A5817}.Debug|Any CPU.ActiveCfg = Debug|Any CPU
		{6041F2BF-D259-4C0A-8D76-2929AA7A5817}.Debug|Any CPU.Build.0 = Debug|Any CPU
		{6041F2BF-D259-4C0A-8D76-2929AA7A5817}.Release|Any CPU.ActiveCfg = Release|Any CPU
		{6041F2BF-D259-4C0A-8D76-2929AA7A5817}.Release|Any CPU.Build.0 = Release|Any CPU
	EndGlobalSection
	GlobalSection(SolutionProperties) = preSolution
		HideSolutionNode = FALSE
	EndGlobalSection
	GlobalSection(ExtensibilityGlobals) = postSolution
		SolutionGuid = {B1A064DF-A451-42BB-8229-D1B99EE9E15A}
	EndGlobalSection
EndGlobal
